
Microsoft Visual Studio Solution File, Format Version 12.00
# Visual Studio Version 17
VisualStudioVersion = 17.7.34031.279
MinimumVisualStudioVersion = 10.0.40219.1
Project("{FAE04EC0-301F-11D3-BF4B-00C04F79EFBC}") = "project1_backend", "project1_backend\project1_backend.csproj", "{321B61FE-86DC-4A70-9563-69F90526E5DE}"
EndProject
Global
	GlobalSection(SolutionConfigurationPlatforms) = preSolution
		Debug|Any CPU = Debug|Any CPU
		Release|Any CPU = Release|Any CPU
	EndGlobalSection
	GlobalSection(ProjectConfigurationPlatforms) = postSolution
		{321B61FE-86DC-4A70-9563-69F90526E5DE}.Debug|Any CPU.ActiveCfg = Debug|Any CPU
		{321B61FE-86DC-4A70-9563-69F90526E5DE}.Debug|Any CPU.Build.0 = Debug|Any CPU
		{321B61FE-86DC-4A70-9563-69F90526E5DE}.Release|Any CPU.ActiveCfg = Release|Any CPU
		{321B61FE-86DC-4A70-9563-69F90526E5DE}.Release|Any CPU.Build.0 = Release|Any CPU
	EndGlobalSection
	GlobalSection(SolutionProperties) = preSolution
		HideSolutionNode = FALSE
	EndGlobalSection
	GlobalSection(ExtensibilityGlobals) = postSolution
		SolutionGuid = {FC378329-3CF2-410F-B5CA-F17F6E11F57B}
	EndGlobalSection
EndGlobal
